
Microsoft Visual Studio Solution File, Format Version 12.00
# Visual Studio Version 17
VisualStudioVersion = 17.3.32922.545
MinimumVisualStudioVersion = 10.0.40219.1
Project("{FAE04EC0-301F-11D3-BF4B-00C04F79EFBC}") = "ATMTuto", "ATMTuto\ATMTuto.csproj", "{EE46F45E-86E9-4EB3-BE82-F9B8DEDBAFD3}"
EndProject
Global
	GlobalSection(SolutionConfigurationPlatforms) = preSolution
		Debug|Any CPU = Debug|Any CPU
		Release|Any CPU = Release|Any CPU
	EndGlobalSection
	GlobalSection(ProjectConfigurationPlatforms) = postSolution
		{EE46F45E-86E9-4EB3-BE82-F9B8DEDBAFD3}.Debug|Any CPU.ActiveCfg = Debug|Any CPU
		{EE46F45E-86E9-4EB3-BE82-F9B8DEDBAFD3}.Debug|Any CPU.Build.0 = Debug|Any CPU
		{EE46F45E-86E9-4EB3-BE82-F9B8DEDBAFD3}.Release|Any CPU.ActiveCfg = Release|Any CPU
		{EE46F45E-86E9-4EB3-BE82-F9B8DEDBAFD3}.Release|Any CPU.Build.0 = Release|Any CPU
	EndGlobalSection
	GlobalSection(SolutionProperties) = preSolution
		HideSolutionNode = FALSE
	EndGlobalSection
	GlobalSection(ExtensibilityGlobals) = postSolution
		SolutionGuid = {A3B03467-E5F8-4DF4-8514-332B5A1A045C}
	EndGlobalSection
EndGlobal
